<?xml version="1.0"?>
<Project ToolsVersion="4.0" xmlns="http://schemas.microsoft.com/developer/msbuild/2003">
	<ItemGroup>
		<ClCompile Include="src\testApp.cpp">
			<Filter>src</Filter>
		</ClCompile>
		<ClCompile Include="src\main.cpp">
			<Filter>src</Filter>
		</ClCompile>
		<ClCompile Include="src\main.cpp">
			<Filter>src</Filter>
		</ClCompile>
		<ClCompile Include="src\testApp.cpp">
			<Filter>src</Filter>
		</ClCompile>
		<ClCompile Include="..\..\..\addons\ofxWMFVideoPlayer\src\ofxWMFVideoPlayer.cpp">
			<Filter>addons\ofxWMFVideoPlayer\src</Filter>
		</ClCompile>
		<ClCompile Include="..\..\..\addons\ofxWMFVideoPlayer\src\ofxWMFVideoPlayerUtils.cpp">
			<Filter>addons\ofxWMFVideoPlayer\src</Filter>
		</ClCompile>
		<ClCompile Include="..\..\..\addons\ofxWMFVideoPlayer\src\presenter\Helpers.cpp">
			<Filter>addons\ofxWMFVideoPlayer\src\presenter</Filter>
		</ClCompile>
		<ClCompile Include="..\..\..\addons\ofxWMFVideoPlayer\src\presenter\PresentEngine.cpp">
			<Filter>addons\ofxWMFVideoPlayer\src\presenter</Filter>
		</ClCompile>
		<ClCompile Include="..\..\..\addons\ofxWMFVideoPlayer\src\presenter\Presenter.cpp">
			<Filter>addons\ofxWMFVideoPlayer\src\presenter</Filter>
		</ClCompile>
		<ClCompile Include="..\..\..\addons\ofxWMFVideoPlayer\src\presenter\scheduler.cpp">
			<Filter>addons\ofxWMFVideoPlayer\src\presenter</Filter>
		</ClCompile>
	</ItemGroup>
	<ItemGroup>
		<Filter Include="src">
			<UniqueIdentifier>{d8376475-7454-4a24-b08a-aac121d3ad6f}</UniqueIdentifier>
		</Filter>
		<Filter Include="addons">
			<UniqueIdentifier>{71834F65-F3A9-211E-73B8-DC85}</UniqueIdentifier>
		</Filter>
		<Filter Include="addons\ofxWMFVideoPlayer">
			<UniqueIdentifier>{0D998C22-15FA-2D4D-B14F-3097}</UniqueIdentifier>
		</Filter>
		<Filter Include="addons\ofxWMFVideoPlayer\src">
			<UniqueIdentifier>{F82D83B9-0D21-7132-BD40-6A3F}</UniqueIdentifier>
		</Filter>
		<Filter Include="addons\ofxWMFVideoPlayer\src\presenter">
			<UniqueIdentifier>{BE3E8290-7E8D-C507-ABFC-7796}</UniqueIdentifier>
		</Filter>
		<Filter Include="addons\ofxWMFVideoPlayer\src\presenter\common">
			<UniqueIdentifier>{7C551AFE-871E-B43E-36A9-EE73}</UniqueIdentifier>
		</Filter>
	</ItemGroup>
	<ItemGroup>
		<ClInclude Include="src\testApp.h">
			<Filter>src</Filter>
		</ClInclude>
		<ClInclude Include="src\testApp.h">
			<Filter>src</Filter>
		</ClInclude>
		<ClInclude Include="..\..\..\addons\ofxWMFVideoPlayer\src\ofxWMFVideoPlayer.h">
			<Filter>addons\ofxWMFVideoPlayer\src</Filter>
		</ClInclude>
		<ClInclude Include="..\..\..\addons\ofxWMFVideoPlayer\src\ofxWMFVideoPlayerUtils.h">
			<Filter>addons\ofxWMFVideoPlayer\src</Filter>
		</ClInclude>
		<ClInclude Include="..\..\..\addons\ofxWMFVideoPlayer\src\presenter\common\AsyncCB.h">
			<Filter>addons\ofxWMFVideoPlayer\src\presenter\common</Filter>
		</ClInclude>
		<ClInclude Include="..\..\..\addons\ofxWMFVideoPlayer\src\presenter\common\BufferLock.h">
			<Filter>addons\ofxWMFVideoPlayer\src\presenter\common</Filter>
		</ClInclude>
		<ClInclude Include="..\..\..\addons\ofxWMFVideoPlayer\src\presenter\common\ClassFactory.h">
			<Filter>addons\ofxWMFVideoPlayer\src\presenter\common</Filter>
		</ClInclude>
		<ClInclude Include="..\..\..\addons\ofxWMFVideoPlayer\src\presenter\common\common.h">
			<Filter>addons\ofxWMFVideoPlayer\src\presenter\common</Filter>
		</ClInclude>
		<ClInclude Include="..\..\..\addons\ofxWMFVideoPlayer\src\presenter\common\critsec.h">
			<Filter>addons\ofxWMFVideoPlayer\src\presenter\common</Filter>
		</ClInclude>
		<ClInclude Include="..\..\..\addons\ofxWMFVideoPlayer\src\presenter\common\GrowArray.h">
			<Filter>addons\ofxWMFVideoPlayer\src\presenter\common</Filter>
		</ClInclude>
		<ClInclude Include="..\..\..\addons\ofxWMFVideoPlayer\src\presenter\common\linklist.h">
			<Filter>addons\ofxWMFVideoPlayer\src\presenter\common</Filter>
		</ClInclude>
		<ClInclude Include="..\..\..\addons\ofxWMFVideoPlayer\src\presenter\common\logging.h">
			<Filter>addons\ofxWMFVideoPlayer\src\presenter\common</Filter>
		</ClInclude>
		<ClInclude Include="..\..\..\addons\ofxWMFVideoPlayer\src\presenter\common\logmediatype.h">
			<Filter>addons\ofxWMFVideoPlayer\src\presenter\common</Filter>
		</ClInclude>
		<ClInclude Include="..\..\..\addons\ofxWMFVideoPlayer\src\presenter\common\mediatype.h">
			<Filter>addons\ofxWMFVideoPlayer\src\presenter\common</Filter>
		</ClInclude>
		<ClInclude Include="..\..\..\addons\ofxWMFVideoPlayer\src\presenter\common\mfutils.h">
			<Filter>addons\ofxWMFVideoPlayer\src\presenter\common</Filter>
		</ClInclude>
		<ClInclude Include="..\..\..\addons\ofxWMFVideoPlayer\src\presenter\common\PropVar.h">
			<Filter>addons\ofxWMFVideoPlayer\src\presenter\common</Filter>
		</ClInclude>
		<ClInclude Include="..\..\..\addons\ofxWMFVideoPlayer\src\presenter\common\registry.h">
			<Filter>addons\ofxWMFVideoPlayer\src\presenter\common</Filter>
		</ClInclude>
		<ClInclude Include="..\..\..\addons\ofxWMFVideoPlayer\src\presenter\common\TinyMap.h">
			<Filter>addons\ofxWMFVideoPlayer\src\presenter\common</Filter>
		</ClInclude>
		<ClInclude Include="..\..\..\addons\ofxWMFVideoPlayer\src\presenter\common\trace.h">
			<Filter>addons\ofxWMFVideoPlayer\src\presenter\common</Filter>
		</ClInclude>
		<ClInclude Include="..\..\..\addons\ofxWMFVideoPlayer\src\presenter\EVRPresenter.h">
			<Filter>addons\ofxWMFVideoPlayer\src\presenter</Filter>
		</ClInclude>
		<ClInclude Include="..\..\..\addons\ofxWMFVideoPlayer\src\presenter\EVRPresenterUuid.h">
			<Filter>addons\ofxWMFVideoPlayer\src\presenter</Filter>
		</ClInclude>
		<ClInclude Include="..\..\..\addons\ofxWMFVideoPlayer\src\presenter\Helpers.h">
			<Filter>addons\ofxWMFVideoPlayer\src\presenter</Filter>
		</ClInclude>
		<ClInclude Include="..\..\..\addons\ofxWMFVideoPlayer\src\presenter\PresentEngine.h">
			<Filter>addons\ofxWMFVideoPlayer\src\presenter</Filter>
		</ClInclude>
		<ClInclude Include="..\..\..\addons\ofxWMFVideoPlayer\src\presenter\Presenter.h">
			<Filter>addons\ofxWMFVideoPlayer\src\presenter</Filter>
		</ClInclude>
		<ClInclude Include="..\..\..\addons\ofxWMFVideoPlayer\src\presenter\scheduler.h">
			<Filter>addons\ofxWMFVideoPlayer\src\presenter</Filter>
		</ClInclude>
	</ItemGroup>
	<ItemGroup>
		<ResourceCompile Include="icon.rc" />
	</ItemGroup>
</Project>
